// !$*UTF8*$!
{
	archiveVersion = 1;
	classes = {
	};
	objectVersion = 50;
	objects = {

/* Begin PBXBuildFile section */
		09B5FDEF24A6DE550054DE24 /* AppDelegate.swift in Sources */ = {isa = PBXBuildFile; fileRef = 09B5FDEE24A6DE550054DE24 /* AppDelegate.swift */; };
		09B5FDF124A6DE550054DE24 /* SceneDelegate.swift in Sources */ = {isa = PBXBuildFile; fileRef = 09B5FDF024A6DE550054DE24 /* SceneDelegate.swift */; };
		09B5FDF824A6DE570054DE24 /* Assets.xcassets in Resources */ = {isa = PBXBuildFile; fileRef = 09B5FDF724A6DE570054DE24 /* Assets.xcassets */; };
		09B5FDFB24A6DE570054DE24 /* LaunchScreen.storyboard in Resources */ = {isa = PBXBuildFile; fileRef = 09B5FDF924A6DE570054DE24 /* LaunchScreen.storyboard */; };
		09B5FE0824A6DEBD0054DE24 /* View.swift in Sources */ = {isa = PBXBuildFile; fileRef = 09B5FE0724A6DEBC0054DE24 /* View.swift */; };
		09B5FE0A24A6DED70054DE24 /* ViewController.swift in Sources */ = {isa = PBXBuildFile; fileRef = 09B5FE0924A6DED70054DE24 /* ViewController.swift */; };
		09FD511024A6DFD500ACEFD7 /* AseanTableViewController.swift in Sources */ = {isa = PBXBuildFile; fileRef = 09FD510F24A6DFD500ACEFD7 /* AseanTableViewController.swift */; };
		09FD511224A6E04900ACEFD7 /* Colors.xcassets in Resources */ = {isa = PBXBuildFile; fileRef = 09FD511124A6E04900ACEFD7 /* Colors.xcassets */; };
		09FD511424A6E07C00ACEFD7 /* AseanTableViewCell.swift in Sources */ = {isa = PBXBuildFile; fileRef = 09FD511324A6E07C00ACEFD7 /* AseanTableViewCell.swift */; };
		09FD511624A6E49E00ACEFD7 /* NavBarColor.swift in Sources */ = {isa = PBXBuildFile; fileRef = 09FD511524A6E49E00ACEFD7 /* NavBarColor.swift */; };
		09FD511824A6E68500ACEFD7 /* DetailView.swift in Sources */ = {isa = PBXBuildFile; fileRef = 09FD511724A6E68500ACEFD7 /* DetailView.swift */; };
		09FD511A24A6E77D00ACEFD7 /* DetailViewController.swift in Sources */ = {isa = PBXBuildFile; fileRef = 09FD511924A6E77D00ACEFD7 /* DetailViewController.swift */; };
		09FD511C24A6EDCC00ACEFD7 /* CGFloat+DynamicDimension.swift in Sources */ = {isa = PBXBuildFile; fileRef = 09FD511B24A6EDCC00ACEFD7 /* CGFloat+DynamicDimension.swift */; };
		09FD511E24A6EF3800ACEFD7 /* GalleryCollectionViewCell.swift in Sources */ = {isa = PBXBuildFile; fileRef = 09FD511D24A6EF3800ACEFD7 /* GalleryCollectionViewCell.swift */; };
		09FD512024A708C100ACEFD7 /* Country.swift in Sources */ = {isa = PBXBuildFile; fileRef = 09FD511F24A708C100ACEFD7 /* Country.swift */; };
		09FD512224A70A1600ACEFD7 /* DataManager.swift in Sources */ = {isa = PBXBuildFile; fileRef = 09FD512124A70A1600ACEFD7 /* DataManager.swift */; };
		09FD512424A71EEE00ACEFD7 /* PreviewView.swift in Sources */ = {isa = PBXBuildFile; fileRef = 09FD512324A71EEE00ACEFD7 /* PreviewView.swift */; };
		09FD512624A7282100ACEFD7 /* PreviewViewController.swift in Sources */ = {isa = PBXBuildFile; fileRef = 09FD512524A7282100ACEFD7 /* PreviewViewController.swift */; };
		09FD512824A72F7B00ACEFD7 /* ProfileView.swift in Sources */ = {isa = PBXBuildFile; fileRef = 09FD512724A72F7B00ACEFD7 /* ProfileView.swift */; };
		09FD512A24A736F400ACEFD7 /* ProfileViewController.swift in Sources */ = {isa = PBXBuildFile; fileRef = 09FD512924A736F400ACEFD7 /* ProfileViewController.swift */; };
/* End PBXBuildFile section */

/* Begin PBXFileReference section */
		09B5FDEB24A6DE550054DE24 /* ASEAN.app */ = {isa = PBXFileReference; explicitFileType = wrapper.application; includeInIndex = 0; path = ASEAN.app; sourceTree = BUILT_PRODUCTS_DIR; };
		09B5FDEE24A6DE550054DE24 /* AppDelegate.swift */ = {isa = PBXFileReference; lastKnownFileType = sourcecode.swift; path = AppDelegate.swift; sourceTree = "<group>"; };
		09B5FDF024A6DE550054DE24 /* SceneDelegate.swift */ = {isa = PBXFileReference; lastKnownFileType = sourcecode.swift; path = SceneDelegate.swift; sourceTree = "<group>"; };
		09B5FDF724A6DE570054DE24 /* Assets.xcassets */ = {isa = PBXFileReference; lastKnownFileType = folder.assetcatalog; path = Assets.xcassets; sourceTree = "<group>"; };
		09B5FDFA24A6DE570054DE24 /* Base */ = {isa = PBXFileReference; lastKnownFileType = file.storyboard; name = Base; path = Base.lproj/LaunchScreen.storyboard; sourceTree = "<group>"; };
		09B5FDFC24A6DE570054DE24 /* Info.plist */ = {isa = PBXFileReference; lastKnownFileType = text.plist.xml; path = Info.plist; sourceTree = "<group>"; };
		09B5FE0724A6DEBC0054DE24 /* View.swift */ = {isa = PBXFileReference; lastKnownFileType = sourcecode.swift; path = View.swift; sourceTree = "<group>"; };
		09B5FE0924A6DED70054DE24 /* ViewController.swift */ = {isa = PBXFileReference; lastKnownFileType = sourcecode.swift; path = ViewController.swift; sourceTree = "<group>"; };
		09FD510F24A6DFD500ACEFD7 /* AseanTableViewController.swift */ = {isa = PBXFileReference; lastKnownFileType = sourcecode.swift; path = AseanTableViewController.swift; sourceTree = "<group>"; };
		09FD511124A6E04900ACEFD7 /* Colors.xcassets */ = {isa = PBXFileReference; lastKnownFileType = folder.assetcatalog; path = Colors.xcassets; sourceTree = "<group>"; };
		09FD511324A6E07C00ACEFD7 /* AseanTableViewCell.swift */ = {isa = PBXFileReference; lastKnownFileType = sourcecode.swift; path = AseanTableViewCell.swift; sourceTree = "<group>"; };
		09FD511524A6E49E00ACEFD7 /* NavBarColor.swift */ = {isa = PBXFileReference; lastKnownFileType = sourcecode.swift; path = NavBarColor.swift; sourceTree = "<group>"; };
		09FD511724A6E68500ACEFD7 /* DetailView.swift */ = {isa = PBXFileReference; lastKnownFileType = sourcecode.swift; path = DetailView.swift; sourceTree = "<group>"; };
		09FD511924A6E77D00ACEFD7 /* DetailViewController.swift */ = {isa = PBXFileReference; lastKnownFileType = sourcecode.swift; path = DetailViewController.swift; sourceTree = "<group>"; };
		09FD511B24A6EDCC00ACEFD7 /* CGFloat+DynamicDimension.swift */ = {isa = PBXFileReference; lastKnownFileType = sourcecode.swift; path = "CGFloat+DynamicDimension.swift"; sourceTree = "<group>"; };
		09FD511D24A6EF3800ACEFD7 /* GalleryCollectionViewCell.swift */ = {isa = PBXFileReference; lastKnownFileType = sourcecode.swift; path = GalleryCollectionViewCell.swift; sourceTree = "<group>"; };
		09FD511F24A708C100ACEFD7 /* Country.swift */ = {isa = PBXFileReference; lastKnownFileType = sourcecode.swift; path = Country.swift; sourceTree = "<group>"; };
		09FD512124A70A1600ACEFD7 /* DataManager.swift */ = {isa = PBXFileReference; lastKnownFileType = sourcecode.swift; path = DataManager.swift; sourceTree = "<group>"; };
		09FD512324A71EEE00ACEFD7 /* PreviewView.swift */ = {isa = PBXFileReference; lastKnownFileType = sourcecode.swift; path = PreviewView.swift; sourceTree = "<group>"; };
		09FD512524A7282100ACEFD7 /* PreviewViewController.swift */ = {isa = PBXFileReference; lastKnownFileType = sourcecode.swift; path = PreviewViewController.swift; sourceTree = "<group>"; };
		09FD512724A72F7B00ACEFD7 /* ProfileView.swift */ = {isa = PBXFileReference; lastKnownFileType = sourcecode.swift; path = ProfileView.swift; sourceTree = "<group>"; };
		09FD512924A736F400ACEFD7 /* ProfileViewController.swift */ = {isa = PBXFileReference; lastKnownFileType = sourcecode.swift; path = ProfileViewController.swift; sourceTree = "<group>"; };
/* End PBXFileReference section */

/* Begin PBXFrameworksBuildPhase section */
		09B5FDE824A6DE550054DE24 /* Frameworks */ = {
			isa = PBXFrameworksBuildPhase;
			buildActionMask = 2147483647;
			files = (
			);
			runOnlyForDeploymentPostprocessing = 0;
		};
/* End PBXFrameworksBuildPhase section */

/* Begin PBXGroup section */
		09B5FDE224A6DE550054DE24 = {
			isa = PBXGroup;
			children = (
				09B5FDED24A6DE550054DE24 /* ASEAN */,
				09B5FDEC24A6DE550054DE24 /* Products */,
			);
			sourceTree = "<group>";
		};
		09B5FDEC24A6DE550054DE24 /* Products */ = {
			isa = PBXGroup;
			children = (
				09B5FDEB24A6DE550054DE24 /* ASEAN.app */,
			);
			name = Products;
			sourceTree = "<group>";
		};
		09B5FDED24A6DE550054DE24 /* ASEAN */ = {
			isa = PBXGroup;
			children = (
				09B5FDEE24A6DE550054DE24 /* AppDelegate.swift */,
				09B5FDF024A6DE550054DE24 /* SceneDelegate.swift */,
				09B5FE0524A6DE8F0054DE24 /* Base */,
				09B5FE0424A6DE880054DE24 /* Models */,
				09B5FE0324A6DE830054DE24 /* Views */,
				09B5FE0224A6DE7A0054DE24 /* Controllers */,
				09B5FE0624A6DE9A0054DE24 /* Helper */,
				09B5FDF724A6DE570054DE24 /* Assets.xcassets */,
				09FD511124A6E04900ACEFD7 /* Colors.xcassets */,
				09B5FDFC24A6DE570054DE24 /* Info.plist */,
			);
			path = ASEAN;
			sourceTree = "<group>";
		};
		09B5FE0224A6DE7A0054DE24 /* Controllers */ = {
			isa = PBXGroup;
			children = (
				09FD512B24A778EC00ACEFD7 /* AseanViewController */,
				09FD512C24A7791700ACEFD7 /* DetailViewController */,
				09FD512D24A7792900ACEFD7 /* PreviewViewController */,
				09FD512E24A7793B00ACEFD7 /* ProfileViewController */,
			);
			path = Controllers;
			sourceTree = "<group>";
		};
		09B5FE0324A6DE830054DE24 /* Views */ = {
			isa = PBXGroup;
			children = (
				09B5FDF924A6DE570054DE24 /* LaunchScreen.storyboard */,
				09FD7AAF24A779F70085A685 /* AseanView */,
				09FD7AAE24A779ED0085A685 /* DetailView */,
				09FD7AAD24A779E60085A685 /* PreviewView */,
				09FD7AAC24A779DD0085A685 /* ProfileView */,
			);
			path = Views;
			sourceTree = "<group>";
		};
		09B5FE0424A6DE880054DE24 /* Models */ = {
			isa = PBXGroup;
			children = (
				09FD511F24A708C100ACEFD7 /* Country.swift */,
				09FD512124A70A1600ACEFD7 /* DataManager.swift */,
			);
			path = Models;
			sourceTree = "<group>";
		};
		09B5FE0524A6DE8F0054DE24 /* Base */ = {
			isa = PBXGroup;
			children = (
				09B5FE0724A6DEBC0054DE24 /* View.swift */,
				09B5FE0924A6DED70054DE24 /* ViewController.swift */,
			);
			path = Base;
			sourceTree = "<group>";
		};
		09B5FE0624A6DE9A0054DE24 /* Helper */ = {
			isa = PBXGroup;
			children = (
				09FD511524A6E49E00ACEFD7 /* NavBarColor.swift */,
				09FD511B24A6EDCC00ACEFD7 /* CGFloat+DynamicDimension.swift */,
			);
			path = Helper;
			sourceTree = "<group>";
		};
		09FD512B24A778EC00ACEFD7 /* AseanViewController */ = {
			isa = PBXGroup;
			children = (
				09FD510F24A6DFD500ACEFD7 /* AseanTableViewController.swift */,
			);
			path = AseanViewController;
			sourceTree = "<group>";
		};
		09FD512C24A7791700ACEFD7 /* DetailViewController */ = {
			isa = PBXGroup;
			children = (
				09FD511924A6E77D00ACEFD7 /* DetailViewController.swift */,
			);
			path = DetailViewController;
			sourceTree = "<group>";
		};
		09FD512D24A7792900ACEFD7 /* PreviewViewController */ = {
			isa = PBXGroup;
			children = (
				09FD512524A7282100ACEFD7 /* PreviewViewController.swift */,
			);
			path = PreviewViewController;
			sourceTree = "<group>";
		};
		09FD512E24A7793B00ACEFD7 /* ProfileViewController */ = {
			isa = PBXGroup;
			children = (
				09FD512924A736F400ACEFD7 /* ProfileViewController.swift */,
			);
			path = ProfileViewController;
			sourceTree = "<group>";
		};
		09FD7AAC24A779DD0085A685 /* ProfileView */ = {
			isa = PBXGroup;
			children = (
				09FD512724A72F7B00ACEFD7 /* ProfileView.swift */,
			);
			path = ProfileView;
			sourceTree = "<group>";
		};
		09FD7AAD24A779E60085A685 /* PreviewView */ = {
			isa = PBXGroup;
			children = (
				09FD512324A71EEE00ACEFD7 /* PreviewView.swift */,
			);
			path = PreviewView;
			sourceTree = "<group>";
		};
		09FD7AAE24A779ED0085A685 /* DetailView */ = {
			isa = PBXGroup;
			children = (
				09FD511724A6E68500ACEFD7 /* DetailView.swift */,
				09FD511D24A6EF3800ACEFD7 /* GalleryCollectionViewCell.swift */,
			);
			path = DetailView;
			sourceTree = "<group>";
		};
		09FD7AAF24A779F70085A685 /* AseanView */ = {
			isa = PBXGroup;
			children = (
				09FD511324A6E07C00ACEFD7 /* AseanTableViewCell.swift */,
			);
			path = AseanView;
			sourceTree = "<group>";
		};
/* End PBXGroup section */

/* Begin PBXNativeTarget section */
		09B5FDEA24A6DE550054DE24 /* ASEAN */ = {
			isa = PBXNativeTarget;
			buildConfigurationList = 09B5FDFF24A6DE570054DE24 /* Build configuration list for PBXNativeTarget "ASEAN" */;
			buildPhases = (
				09B5FDE724A6DE550054DE24 /* Sources */,
				09B5FDE824A6DE550054DE24 /* Frameworks */,
				09B5FDE924A6DE550054DE24 /* Resources */,
			);
			buildRules = (
			);
			dependencies = (
			);
			name = ASEAN;
			productName = ASEAN;
			productReference = 09B5FDEB24A6DE550054DE24 /* ASEAN.app */;
			productType = "com.apple.product-type.application";
		};
/* End PBXNativeTarget section */

/* Begin PBXProject section */
		09B5FDE324A6DE550054DE24 /* Project object */ = {
			isa = PBXProject;
			attributes = {
				LastSwiftUpdateCheck = 1150;
				LastUpgradeCheck = 1150;
				ORGANIZATIONNAME = "Ricki Bin Yamin";
				TargetAttributes = {
					09B5FDEA24A6DE550054DE24 = {
						CreatedOnToolsVersion = 11.5;
					};
				};
			};
			buildConfigurationList = 09B5FDE624A6DE550054DE24 /* Build configuration list for PBXProject "ASEAN" */;
			compatibilityVersion = "Xcode 9.3";
			developmentRegion = en;
			hasScannedForEncodings = 0;
			knownRegions = (
				en,
				Base,
			);
			mainGroup = 09B5FDE224A6DE550054DE24;
			productRefGroup = 09B5FDEC24A6DE550054DE24 /* Products */;
			projectDirPath = "";
			projectRoot = "";
			targets = (
				09B5FDEA24A6DE550054DE24 /* ASEAN */,
			);
		};
/* End PBXProject section */

/* Begin PBXResourcesBuildPhase section */
		09B5FDE924A6DE550054DE24 /* Resources */ = {
			isa = PBXResourcesBuildPhase;
			buildActionMask = 2147483647;
			files = (
				09FD511224A6E04900ACEFD7 /* Colors.xcassets in Resources */,
				09B5FDFB24A6DE570054DE24 /* LaunchScreen.storyboard in Resources */,
				09B5FDF824A6DE570054DE24 /* Assets.xcassets in Resources */,
			);
			runOnlyForDeploymentPostprocessing = 0;
		};
/* End PBXResourcesBuildPhase section */

/* Begin PBXSourcesBuildPhase section */
		09B5FDE724A6DE550054DE24 /* Sources */ = {
			isa = PBXSourcesBuildPhase;
			buildActionMask = 2147483647;
			files = (
				09FD511A24A6E77D00ACEFD7 /* DetailViewController.swift in Sources */,
				09B5FE0A24A6DED70054DE24 /* ViewController.swift in Sources */,
				09FD511824A6E68500ACEFD7 /* DetailView.swift in Sources */,
				09FD511624A6E49E00ACEFD7 /* NavBarColor.swift in Sources */,
				09FD512024A708C100ACEFD7 /* Country.swift in Sources */,
				09FD511024A6DFD500ACEFD7 /* AseanTableViewController.swift in Sources */,
				09B5FE0824A6DEBD0054DE24 /* View.swift in Sources */,
				09FD512A24A736F400ACEFD7 /* ProfileViewController.swift in Sources */,
				09B5FDEF24A6DE550054DE24 /* AppDelegate.swift in Sources */,
				09FD512824A72F7B00ACEFD7 /* ProfileView.swift in Sources */,
				09FD512624A7282100ACEFD7 /* PreviewViewController.swift in Sources */,
				09FD511424A6E07C00ACEFD7 /* AseanTableViewCell.swift in Sources */,
				09FD512424A71EEE00ACEFD7 /* PreviewView.swift in Sources */,
				09FD511E24A6EF3800ACEFD7 /* GalleryCollectionViewCell.swift in Sources */,
				09B5FDF124A6DE550054DE24 /* SceneDelegate.swift in Sources */,
				09FD512224A70A1600ACEFD7 /* DataManager.swift in Sources */,
				09FD511C24A6EDCC00ACEFD7 /* CGFloat+DynamicDimension.swift in Sources */,
			);
			runOnlyForDeploymentPostprocessing = 0;
		};
/* End PBXSourcesBuildPhase section */

/* Begin PBXVariantGroup section */
		09B5FDF924A6DE570054DE24 /* LaunchScreen.storyboard */ = {
			isa = PBXVariantGroup;
			children = (
				09B5FDFA24A6DE570054DE24 /* Base */,
			);
			name = LaunchScreen.storyboard;
			sourceTree = "<group>";
		};
/* End PBXVariantGroup section */

/* Begin XCBuildConfiguration section */
		09B5FDFD24A6DE570054DE24 /* Debug */ = {
			isa = XCBuildConfiguration;
			buildSettings = {
				ALWAYS_SEARCH_USER_PATHS = NO;
				CLANG_ANALYZER_NONNULL = YES;
				CLANG_ANALYZER_NUMBER_OBJECT_CONVERSION = YES_AGGRESSIVE;
				CLANG_CXX_LANGUAGE_STANDARD = "gnu++14";
				CLANG_CXX_LIBRARY = "libc++";
				CLANG_ENABLE_MODULES = YES;
				CLANG_ENABLE_OBJC_ARC = YES;
				CLANG_ENABLE_OBJC_WEAK = YES;
				CLANG_WARN_BLOCK_CAPTURE_AUTORELEASING = YES;
				CLANG_WARN_BOOL_CONVERSION = YES;
				CLANG_WARN_COMMA = YES;
				CLANG_WARN_CONSTANT_CONVERSION = YES;
				CLANG_WARN_DEPRECATED_OBJC_IMPLEMENTATIONS = YES;
				CLANG_WARN_DIRECT_OBJC_ISA_USAGE = YES_ERROR;
				CLANG_WARN_DOCUMENTATION_COMMENTS = YES;
				CLANG_WARN_EMPTY_BODY = YES;
				CLANG_WARN_ENUM_CONVERSION = YES;
				CLANG_WARN_INFINITE_RECURSION = YES;
				CLANG_WARN_INT_CONVERSION = YES;
				CLANG_WARN_NON_LITERAL_NULL_CONVERSION = YES;
				CLANG_WARN_OBJC_IMPLICIT_RETAIN_SELF = YES;
				CLANG_WARN_OBJC_LITERAL_CONVERSION = YES;
				CLANG_WARN_OBJC_ROOT_CLASS = YES_ERROR;
				CLANG_WARN_RANGE_LOOP_ANALYSIS = YES;
				CLANG_WARN_STRICT_PROTOTYPES = YES;
				CLANG_WARN_SUSPICIOUS_MOVE = YES;
				CLANG_WARN_UNGUARDED_AVAILABILITY = YES_AGGRESSIVE;
				CLANG_WARN_UNREACHABLE_CODE = YES;
				CLANG_WARN__DUPLICATE_METHOD_MATCH = YES;
				COPY_PHASE_STRIP = NO;
				DEBUG_INFORMATION_FORMAT = dwarf;
				ENABLE_STRICT_OBJC_MSGSEND = YES;
				ENABLE_TESTABILITY = YES;
				GCC_C_LANGUAGE_STANDARD = gnu11;
				GCC_DYNAMIC_NO_PIC = NO;
				GCC_NO_COMMON_BLOCKS = YES;
				GCC_OPTIMIZATION_LEVEL = 0;
				GCC_PREPROCESSOR_DEFINITIONS = (
					"DEBUG=1",
					"$(inherited)",
				);
				GCC_WARN_64_TO_32_BIT_CONVERSION = YES;
				GCC_WARN_ABOUT_RETURN_TYPE = YES_ERROR;
				GCC_WARN_UNDECLARED_SELECTOR = YES;
				GCC_WARN_UNINITIALIZED_AUTOS = YES_AGGRESSIVE;
				GCC_WARN_UNUSED_FUNCTION = YES;
				GCC_WARN_UNUSED_VARIABLE = YES;
				IPHONEOS_DEPLOYMENT_TARGET = 13.5;
				MTL_ENABLE_DEBUG_INFO = INCLUDE_SOURCE;
				MTL_FAST_MATH = YES;
				ONLY_ACTIVE_ARCH = YES;
				SDKROOT = iphoneos;
				SWIFT_ACTIVE_COMPILATION_CONDITIONS = DEBUG;
				SWIFT_OPTIMIZATION_LEVEL = "-Onone";
			};
			name = Debug;
		};
		09B5FDFE24A6DE570054DE24 /* Release */ = {
			isa = XCBuildConfiguration;
			buildSettings = {
				ALWAYS_SEARCH_USER_PATHS = NO;
				CLANG_ANALYZER_NONNULL = YES;
				CLANG_ANALYZER_NUMBER_OBJECT_CONVERSION = YES_AGGRESSIVE;
				CLANG_CXX_LANGUAGE_STANDARD = "gnu++14";
				CLANG_CXX_LIBRARY = "libc++";
				CLANG_ENABLE_MODULES = YES;
				CLANG_ENABLE_OBJC_ARC = YES;
				CLANG_ENABLE_OBJC_WEAK = YES;
				CLANG_WARN_BLOCK_CAPTURE_AUTORELEASING = YES;
				CLANG_WARN_BOOL_CONVERSION = YES;
				CLANG_WARN_COMMA = YES;
				CLANG_WARN_CONSTANT_CONVERSION = YES;
				CLANG_WARN_DEPRECATED_OBJC_IMPLEMENTATIONS = YES;
				CLANG_WARN_DIRECT_OBJC_ISA_USAGE = YES_ERROR;
				CLANG_WARN_DOCUMENTATION_COMMENTS = YES;
				CLANG_WARN_EMPTY_BODY = YES;
				CLANG_WARN_ENUM_CONVERSION = YES;
				CLANG_WARN_INFINITE_RECURSION = YES;
				CLANG_WARN_INT_CONVERSION = YES;
				CLANG_WARN_NON_LITERAL_NULL_CONVERSION = YES;
				CLANG_WARN_OBJC_IMPLICIT_RETAIN_SELF = YES;
				CLANG_WARN_OBJC_LITERAL_CONVERSION = YES;
				CLANG_WARN_OBJC_ROOT_CLASS = YES_ERROR;
				CLANG_WARN_RANGE_LOOP_ANALYSIS = YES;
				CLANG_WARN_STRICT_PROTOTYPES = YES;
				CLANG_WARN_SUSPICIOUS_MOVE = YES;
				CLANG_WARN_UNGUARDED_AVAILABILITY = YES_AGGRESSIVE;
				CLANG_WARN_UNREACHABLE_CODE = YES;
				CLANG_WARN__DUPLICATE_METHOD_MATCH = YES;
				COPY_PHASE_STRIP = NO;
				DEBUG_INFORMATION_FORMAT = "dwarf-with-dsym";
				ENABLE_NS_ASSERTIONS = NO;
				ENABLE_STRICT_OBJC_MSGSEND = YES;
				GCC_C_LANGUAGE_STANDARD = gnu11;
				GCC_NO_COMMON_BLOCKS = YES;
				GCC_WARN_64_TO_32_BIT_CONVERSION = YES;
				GCC_WARN_ABOUT_RETURN_TYPE = YES_ERROR;
				GCC_WARN_UNDECLARED_SELECTOR = YES;
				GCC_WARN_UNINITIALIZED_AUTOS = YES_AGGRESSIVE;
				GCC_WARN_UNUSED_FUNCTION = YES;
				GCC_WARN_UNUSED_VARIABLE = YES;
				IPHONEOS_DEPLOYMENT_TARGET = 13.5;
				MTL_ENABLE_DEBUG_INFO = NO;
				MTL_FAST_MATH = YES;
				SDKROOT = iphoneos;
				SWIFT_COMPILATION_MODE = wholemodule;
				SWIFT_OPTIMIZATION_LEVEL = "-O";
				VALIDATE_PRODUCT = YES;
			};
			name = Release;
		};
		09B5FE0024A6DE570054DE24 /* Debug */ = {
			isa = XCBuildConfiguration;
			buildSettings = {
				ASSETCATALOG_COMPILER_APPICON_NAME = AppIcon;
				CODE_SIGN_STYLE = Automatic;
				DEVELOPMENT_TEAM = 6NMANHT3A2;
				INFOPLIST_FILE = ASEAN/Info.plist;
				LD_RUNPATH_SEARCH_PATHS = (
					"$(inherited)",
					"@executable_path/Frameworks",
				);
				PRODUCT_BUNDLE_IDENTIFIER = com.ricki.ASEAN;
				PRODUCT_NAME = "$(TARGET_NAME)";
				SWIFT_VERSION = 5.0;
				TARGETED_DEVICE_FAMILY = "1,2";
			};
			name = Debug;
		};
		09B5FE0124A6DE570054DE24 /* Release */ = {
			isa = XCBuildConfiguration;
			buildSettings = {
				ASSETCATALOG_COMPILER_APPICON_NAME = AppIcon;
				CODE_SIGN_STYLE = Automatic;
				DEVELOPMENT_TEAM = 6NMANHT3A2;
				INFOPLIST_FILE = ASEAN/Info.plist;
				LD_RUNPATH_SEARCH_PATHS = (
					"$(inherited)",
					"@executable_path/Frameworks",
				);
				PRODUCT_BUNDLE_IDENTIFIER = com.ricki.ASEAN;
				PRODUCT_NAME = "$(TARGET_NAME)";
				SWIFT_VERSION = 5.0;
				TARGETED_DEVICE_FAMILY = "1,2";
			};
			name = Release;
		};
/* End XCBuildConfiguration section */

/* Begin XCConfigurationList section */
		09B5FDE624A6DE550054DE24 /* Build configuration list for PBXProject "ASEAN" */ = {
			isa = XCConfigurationList;
			buildConfigurations = (
				09B5FDFD24A6DE570054DE24 /* Debug */,
				09B5FDFE24A6DE570054DE24 /* Release */,
			);
			defaultConfigurationIsVisible = 0;
			defaultConfigurationName = Release;
		};
		09B5FDFF24A6DE570054DE24 /* Build configuration list for PBXNativeTarget "ASEAN" */ = {
			isa = XCConfigurationList;
			buildConfigurations = (
				09B5FE0024A6DE570054DE24 /* Debug */,
				09B5FE0124A6DE570054DE24 /* Release */,
			);
			defaultConfigurationIsVisible = 0;
			defaultConfigurationName = Release;
		};
/* End XCConfigurationList section */
	};
	rootObject = 09B5FDE324A6DE550054DE24 /* Project object */;
}
